
Microsoft Visual Studio Solution File, Format Version 12.00
# Visual Studio Version 17
VisualStudioVersion = 17.5.002.0
MinimumVisualStudioVersion = 10.0.40219.1
Project("{9A19103F-16F7-4668-BE54-9A1E7A4F7556}") = "Net2", "Net2.csproj", "{4BFF436F-E883-41DC-94F6-2EA1457DED19}"
EndProject
Global
	GlobalSection(SolutionConfigurationPlatforms) = preSolution
		Debug|Any CPU = Debug|Any CPU
		Release|Any CPU = Release|Any CPU
	EndGlobalSection
	GlobalSection(ProjectConfigurationPlatforms) = postSolution
		{4BFF436F-E883-41DC-94F6-2EA1457DED19}.Debug|Any CPU.ActiveCfg = Debug|Any CPU
		{4BFF436F-E883-41DC-94F6-2EA1457DED19}.Debug|Any CPU.Build.0 = Debug|Any CPU
		{4BFF436F-E883-41DC-94F6-2EA1457DED19}.Release|Any CPU.ActiveCfg = Release|Any CPU
		{4BFF436F-E883-41DC-94F6-2EA1457DED19}.Release|Any CPU.Build.0 = Release|Any CPU
	EndGlobalSection
	GlobalSection(SolutionProperties) = preSolution
		HideSolutionNode = FALSE
	EndGlobalSection
	GlobalSection(ExtensibilityGlobals) = postSolution
		SolutionGuid = {1AB72377-B41F-4D37-9145-C89A41B02FCD}
	EndGlobalSection
EndGlobal
